
Microsoft Visual Studio Solution File, Format Version 12.00
# Visual Studio Version 17
VisualStudioVersion = 17.14.36717.8
MinimumVisualStudioVersion = 10.0.40219.1
Project("{FAE04EC0-301F-11D3-BF4B-00C04F79EFBC}") = "RadioDataApp", "RadioDataApp\RadioDataApp.csproj", "{ECD38C9F-F83E-4B81-B680-B3BDA11319A7}"
EndProject
Project("{2150E333-8FDC-42A3-9474-1A3956D46DE8}") = "Solution Items", "Solution Items", "{A1B2C3D4-E5F6-7890-ABCD-EF1234567890}"
	ProjectSection(SolutionItems) = preProject
		.gitattributes = .gitattributes
		.gitignore = .gitignore
		AudioLoopbackTest_Implementation.md = AudioLoopbackTest_Implementation.md
		CHANGES_APPLIED.md = CHANGES_APPLIED.md
		FIX_SUMMARY.md = FIX_SUMMARY.md
		icon.png = icon.png
		ISSUES_AND_FIXES.md = ISSUES_AND_FIXES.md
		QUICK_FIX.md = QUICK_FIX.md
		README.md = README.md
		screenshot.png = screenshot.png
		SETTINGS_PERSISTENCE.md = SETTINGS_PERSISTENCE.md
		smiley.png = smiley.png
		SQUELCH_FIX.md = SQUELCH_FIX.md
		tiny_smiley.png = tiny_smiley.png
		TOOLTIPS_ADDED.md = TOOLTIPS_ADDED.md
	EndProjectSection
EndProject
Project("{FAE04EC0-301F-11D3-BF4B-00C04F79EFBC}") = "RadioData.Tests", "RadioData.Tests\RadioData.Tests.csproj", "{3D39F270-0CE7-44DC-8E9F-36F37BAC393E}"
EndProject
Project("{FAE04EC0-301F-11D3-BF4B-00C04F79EFBC}") = "RadioData.UITests", "RadioData.UITests\RadioData.UITests.csproj", "{4E95781F-428E-4BC8-80A7-D18D6A25371B}"
EndProject
Global
	GlobalSection(SolutionConfigurationPlatforms) = preSolution
		Debug|Any CPU = Debug|Any CPU
		Debug|x64 = Debug|x64
		Debug|x86 = Debug|x86
		Release|Any CPU = Release|Any CPU
		Release|x64 = Release|x64
		Release|x86 = Release|x86
	EndGlobalSection
	GlobalSection(ProjectConfigurationPlatforms) = postSolution
		{ECD38C9F-F83E-4B81-B680-B3BDA11319A7}.Debug|Any CPU.ActiveCfg = Debug|Any CPU
		{ECD38C9F-F83E-4B81-B680-B3BDA11319A7}.Debug|Any CPU.Build.0 = Debug|Any CPU
		{ECD38C9F-F83E-4B81-B680-B3BDA11319A7}.Debug|x64.ActiveCfg = Debug|Any CPU
		{ECD38C9F-F83E-4B81-B680-B3BDA11319A7}.Debug|x64.Build.0 = Debug|Any CPU
		{ECD38C9F-F83E-4B81-B680-B3BDA11319A7}.Debug|x86.ActiveCfg = Debug|Any CPU
		{ECD38C9F-F83E-4B81-B680-B3BDA11319A7}.Debug|x86.Build.0 = Debug|Any CPU
		{ECD38C9F-F83E-4B81-B680-B3BDA11319A7}.Release|Any CPU.ActiveCfg = Release|Any CPU
		{ECD38C9F-F83E-4B81-B680-B3BDA11319A7}.Release|Any CPU.Build.0 = Release|Any CPU
		{ECD38C9F-F83E-4B81-B680-B3BDA11319A7}.Release|x64.ActiveCfg = Release|Any CPU
		{ECD38C9F-F83E-4B81-B680-B3BDA11319A7}.Release|x64.Build.0 = Release|Any CPU
		{ECD38C9F-F83E-4B81-B680-B3BDA11319A7}.Release|x86.ActiveCfg = Release|Any CPU
		{ECD38C9F-F83E-4B81-B680-B3BDA11319A7}.Release|x86.Build.0 = Release|Any CPU
		{3D39F270-0CE7-44DC-8E9F-36F37BAC393E}.Debug|Any CPU.ActiveCfg = Debug|Any CPU
		{3D39F270-0CE7-44DC-8E9F-36F37BAC393E}.Debug|Any CPU.Build.0 = Debug|Any CPU
		{3D39F270-0CE7-44DC-8E9F-36F37BAC393E}.Debug|x64.ActiveCfg = Debug|Any CPU
		{3D39F270-0CE7-44DC-8E9F-36F37BAC393E}.Debug|x64.Build.0 = Debug|Any CPU
		{3D39F270-0CE7-44DC-8E9F-36F37BAC393E}.Debug|x86.ActiveCfg = Debug|Any CPU
		{3D39F270-0CE7-44DC-8E9F-36F37BAC393E}.Debug|x86.Build.0 = Debug|Any CPU
		{3D39F270-0CE7-44DC-8E9F-36F37BAC393E}.Release|Any CPU.ActiveCfg = Release|Any CPU
		{3D39F270-0CE7-44DC-8E9F-36F37BAC393E}.Release|Any CPU.Build.0 = Release|Any CPU
		{3D39F270-0CE7-44DC-8E9F-36F37BAC393E}.Release|x64.ActiveCfg = Release|Any CPU
		{3D39F270-0CE7-44DC-8E9F-36F37BAC393E}.Release|x64.Build.0 = Release|Any CPU
		{3D39F270-0CE7-44DC-8E9F-36F37BAC393E}.Release|x86.ActiveCfg = Release|Any CPU
		{3D39F270-0CE7-44DC-8E9F-36F37BAC393E}.Release|x86.Build.0 = Release|Any CPU
		{4E95781F-428E-4BC8-80A7-D18D6A25371B}.Debug|Any CPU.ActiveCfg = Debug|Any CPU
		{4E95781F-428E-4BC8-80A7-D18D6A25371B}.Debug|Any CPU.Build.0 = Debug|Any CPU
		{4E95781F-428E-4BC8-80A7-D18D6A25371B}.Debug|x64.ActiveCfg = Debug|Any CPU
		{4E95781F-428E-4BC8-80A7-D18D6A25371B}.Debug|x64.Build.0 = Debug|Any CPU
		{4E95781F-428E-4BC8-80A7-D18D6A25371B}.Debug|x86.ActiveCfg = Debug|Any CPU
		{4E95781F-428E-4BC8-80A7-D18D6A25371B}.Debug|x86.Build.0 = Debug|Any CPU
		{4E95781F-428E-4BC8-80A7-D18D6A25371B}.Release|Any CPU.ActiveCfg = Release|Any CPU
		{4E95781F-428E-4BC8-80A7-D18D6A25371B}.Release|Any CPU.Build.0 = Release|Any CPU
		{4E95781F-428E-4BC8-80A7-D18D6A25371B}.Release|x64.ActiveCfg = Release|Any CPU
		{4E95781F-428E-4BC8-80A7-D18D6A25371B}.Release|x64.Build.0 = Release|Any CPU
		{4E95781F-428E-4BC8-80A7-D18D6A25371B}.Release|x86.ActiveCfg = Release|Any CPU
		{4E95781F-428E-4BC8-80A7-D18D6A25371B}.Release|x86.Build.0 = Release|Any CPU
	EndGlobalSection
	GlobalSection(SolutionProperties) = preSolution
		HideSolutionNode = FALSE
	EndGlobalSection
	GlobalSection(ExtensibilityGlobals) = postSolution
		SolutionGuid = {1C03C364-0F01-40F8-95A4-2EF7E982656B}
	EndGlobalSection
EndGlobal
